
Microsoft Visual Studio Solution File, Format Version 11.00
# Visual Studio 2010
Project("{FAE04EC0-301F-11D3-BF4B-00C04F79EFBC}") = "Assembly-CSharp", "Assembly-CSharp.csproj", "{59855143-26bc-82b0-e9c9-96661b294c1e}"
EndProject
Project("{FAE04EC0-301F-11D3-BF4B-00C04F79EFBC}") = "Assembly-CSharp-Editor", "Assembly-CSharp-Editor.csproj", "{862b9c81-fac7-25f3-64fc-cc2eb7a6650a}"
EndProject
Global
	GlobalSection(SolutionConfigurationPlatforms) = preSolution
		Debug|Any CPU = Debug|Any CPU
	EndGlobalSection
	GlobalSection(ProjectConfigurationPlatforms) = postSolution
		{59855143-26bc-82b0-e9c9-96661b294c1e}.Debug|Any CPU.ActiveCfg = Debug|Any CPU
		{59855143-26bc-82b0-e9c9-96661b294c1e}.Debug|Any CPU.Build.0 = Debug|Any CPU
		{862b9c81-fac7-25f3-64fc-cc2eb7a6650a}.Debug|Any CPU.ActiveCfg = Debug|Any CPU
		{862b9c81-fac7-25f3-64fc-cc2eb7a6650a}.Debug|Any CPU.Build.0 = Debug|Any CPU
	EndGlobalSection
	GlobalSection(SolutionProperties) = preSolution
		HideSolutionNode = FALSE
	EndGlobalSection
EndGlobal
